
Microsoft Visual Studio Solution File, Format Version 12.00
# Visual Studio Version 17
VisualStudioVersion = 17.1.32228.430
MinimumVisualStudioVersion = 10.0.40219.1
Project("{2150E333-8FDC-42A3-9474-1A3956D46DE8}") = "Quests", "Quests", "{4E85DA7D-1240-4D4A-A64C-1200F56C1A5F}"
EndProject
Project("{9A19103F-16F7-4668-BE54-9A1E7A4F7556}") = "WordDistance", "Quests\WordDistance\WordDistance.csproj", "{BCFE4068-A8BA-4144-86B1-E5931FAB8230}"
EndProject
Project("{9A19103F-16F7-4668-BE54-9A1E7A4F7556}") = "WordLadder", "Quests\WordLadder\WordLadder.csproj", "{58762ABC-4E92-4F10-9A80-9FA0EF876779}"
EndProject
Project("{FAE04EC0-301F-11D3-BF4B-00C04F79EFBC}") = "BalancedBinaryTree", "Quests\BalancedBinaryTree\BalancedBinaryTree.csproj", "{7A038B47-EFD3-4EE2-9DB1-E06984C4AB67}"
EndProject
Global
	GlobalSection(SolutionConfigurationPlatforms) = preSolution
		Debug|Any CPU = Debug|Any CPU
		Release|Any CPU = Release|Any CPU
	EndGlobalSection
	GlobalSection(ProjectConfigurationPlatforms) = postSolution
		{BCFE4068-A8BA-4144-86B1-E5931FAB8230}.Debug|Any CPU.ActiveCfg = Debug|Any CPU
		{BCFE4068-A8BA-4144-86B1-E5931FAB8230}.Debug|Any CPU.Build.0 = Debug|Any CPU
		{BCFE4068-A8BA-4144-86B1-E5931FAB8230}.Release|Any CPU.ActiveCfg = Release|Any CPU
		{BCFE4068-A8BA-4144-86B1-E5931FAB8230}.Release|Any CPU.Build.0 = Release|Any CPU
		{58762ABC-4E92-4F10-9A80-9FA0EF876779}.Debug|Any CPU.ActiveCfg = Debug|Any CPU
		{58762ABC-4E92-4F10-9A80-9FA0EF876779}.Debug|Any CPU.Build.0 = Debug|Any CPU
		{58762ABC-4E92-4F10-9A80-9FA0EF876779}.Release|Any CPU.ActiveCfg = Release|Any CPU
		{58762ABC-4E92-4F10-9A80-9FA0EF876779}.Release|Any CPU.Build.0 = Release|Any CPU
		{7A038B47-EFD3-4EE2-9DB1-E06984C4AB67}.Debug|Any CPU.ActiveCfg = Debug|Any CPU
		{7A038B47-EFD3-4EE2-9DB1-E06984C4AB67}.Debug|Any CPU.Build.0 = Debug|Any CPU
		{7A038B47-EFD3-4EE2-9DB1-E06984C4AB67}.Release|Any CPU.ActiveCfg = Release|Any CPU
		{7A038B47-EFD3-4EE2-9DB1-E06984C4AB67}.Release|Any CPU.Build.0 = Release|Any CPU
	EndGlobalSection
	GlobalSection(SolutionProperties) = preSolution
		HideSolutionNode = FALSE
	EndGlobalSection
	GlobalSection(NestedProjects) = preSolution
		{BCFE4068-A8BA-4144-86B1-E5931FAB8230} = {4E85DA7D-1240-4D4A-A64C-1200F56C1A5F}
		{58762ABC-4E92-4F10-9A80-9FA0EF876779} = {4E85DA7D-1240-4D4A-A64C-1200F56C1A5F}
		{7A038B47-EFD3-4EE2-9DB1-E06984C4AB67} = {4E85DA7D-1240-4D4A-A64C-1200F56C1A5F}
	EndGlobalSection
	GlobalSection(ExtensibilityGlobals) = postSolution
		SolutionGuid = {ED7373D9-598F-4731-9D51-EC7CC35216CC}
	EndGlobalSection
EndGlobal
