
Microsoft Visual Studio Solution File, Format Version 12.00
# Visual Studio Version 17
VisualStudioVersion = 17.1.32228.430
MinimumVisualStudioVersion = 10.0.40219.1
Project("{2150E333-8FDC-42A3-9474-1A3956D46DE8}") = "Algorithms", "Algorithms", "{639974E2-FFBD-4C2C-AD40-86EEC6531697}"
EndProject
Project("{9A19103F-16F7-4668-BE54-9A1E7A4F7556}") = "DFS", "Algorithms\DFS\DFS.csproj", "{807FE04E-9AA8-4BE1-AF07-2DF00487D7F9}"
EndProject
Project("{9A19103F-16F7-4668-BE54-9A1E7A4F7556}") = "BFS", "Algorithms\BFS\BFS.csproj", "{C1DAF279-A629-4E85-89C5-506B7824830C}"
EndProject
Project("{2150E333-8FDC-42A3-9474-1A3956D46DE8}") = "Quests", "Quests", "{4E85DA7D-1240-4D4A-A64C-1200F56C1A5F}"
EndProject
Project("{9A19103F-16F7-4668-BE54-9A1E7A4F7556}") = "WordDistance", "Quests\WordDistance\WordDistance.csproj", "{BCFE4068-A8BA-4144-86B1-E5931FAB8230}"
EndProject
Project("{9A19103F-16F7-4668-BE54-9A1E7A4F7556}") = "WordLadder", "Quests\WordLadder\WordLadder.csproj", "{58762ABC-4E92-4F10-9A80-9FA0EF876779}"
EndProject
Project("{9A19103F-16F7-4668-BE54-9A1E7A4F7556}") = "Dijkstra", "Quests\Dijkstra\Dijkstra.csproj", "{D71AC75C-BF4A-4E5D-BE17-6C6791C52C9C}"
EndProject
Project("{9A19103F-16F7-4668-BE54-9A1E7A4F7556}") = "MSTPrim", "Quests\MSTPrim\MSTPrim.csproj", "{0F6CE45C-EDCA-4C5F-9218-C8FAA6E2D33C}"
EndProject
Project("{FAE04EC0-301F-11D3-BF4B-00C04F79EFBC}") = "MSTKruskal", "MSTKruskal\MSTKruskal.csproj", "{1002499F-029A-4A7C-96AF-975E7AB6DEB8}"
EndProject
Global
	GlobalSection(SolutionConfigurationPlatforms) = preSolution
		Debug|Any CPU = Debug|Any CPU
		Release|Any CPU = Release|Any CPU
	EndGlobalSection
	GlobalSection(ProjectConfigurationPlatforms) = postSolution
		{807FE04E-9AA8-4BE1-AF07-2DF00487D7F9}.Debug|Any CPU.ActiveCfg = Debug|Any CPU
		{807FE04E-9AA8-4BE1-AF07-2DF00487D7F9}.Debug|Any CPU.Build.0 = Debug|Any CPU
		{807FE04E-9AA8-4BE1-AF07-2DF00487D7F9}.Release|Any CPU.ActiveCfg = Release|Any CPU
		{807FE04E-9AA8-4BE1-AF07-2DF00487D7F9}.Release|Any CPU.Build.0 = Release|Any CPU
		{C1DAF279-A629-4E85-89C5-506B7824830C}.Debug|Any CPU.ActiveCfg = Debug|Any CPU
		{C1DAF279-A629-4E85-89C5-506B7824830C}.Debug|Any CPU.Build.0 = Debug|Any CPU
		{C1DAF279-A629-4E85-89C5-506B7824830C}.Release|Any CPU.ActiveCfg = Release|Any CPU
		{C1DAF279-A629-4E85-89C5-506B7824830C}.Release|Any CPU.Build.0 = Release|Any CPU
		{BCFE4068-A8BA-4144-86B1-E5931FAB8230}.Debug|Any CPU.ActiveCfg = Debug|Any CPU
		{BCFE4068-A8BA-4144-86B1-E5931FAB8230}.Debug|Any CPU.Build.0 = Debug|Any CPU
		{BCFE4068-A8BA-4144-86B1-E5931FAB8230}.Release|Any CPU.ActiveCfg = Release|Any CPU
		{BCFE4068-A8BA-4144-86B1-E5931FAB8230}.Release|Any CPU.Build.0 = Release|Any CPU
		{58762ABC-4E92-4F10-9A80-9FA0EF876779}.Debug|Any CPU.ActiveCfg = Debug|Any CPU
		{58762ABC-4E92-4F10-9A80-9FA0EF876779}.Debug|Any CPU.Build.0 = Debug|Any CPU
		{58762ABC-4E92-4F10-9A80-9FA0EF876779}.Release|Any CPU.ActiveCfg = Release|Any CPU
		{58762ABC-4E92-4F10-9A80-9FA0EF876779}.Release|Any CPU.Build.0 = Release|Any CPU
		{D71AC75C-BF4A-4E5D-BE17-6C6791C52C9C}.Debug|Any CPU.ActiveCfg = Debug|Any CPU
		{D71AC75C-BF4A-4E5D-BE17-6C6791C52C9C}.Debug|Any CPU.Build.0 = Debug|Any CPU
		{D71AC75C-BF4A-4E5D-BE17-6C6791C52C9C}.Release|Any CPU.ActiveCfg = Release|Any CPU
		{D71AC75C-BF4A-4E5D-BE17-6C6791C52C9C}.Release|Any CPU.Build.0 = Release|Any CPU
		{0F6CE45C-EDCA-4C5F-9218-C8FAA6E2D33C}.Debug|Any CPU.ActiveCfg = Debug|Any CPU
		{0F6CE45C-EDCA-4C5F-9218-C8FAA6E2D33C}.Debug|Any CPU.Build.0 = Debug|Any CPU
		{0F6CE45C-EDCA-4C5F-9218-C8FAA6E2D33C}.Release|Any CPU.ActiveCfg = Release|Any CPU
		{0F6CE45C-EDCA-4C5F-9218-C8FAA6E2D33C}.Release|Any CPU.Build.0 = Release|Any CPU
		{1002499F-029A-4A7C-96AF-975E7AB6DEB8}.Debug|Any CPU.ActiveCfg = Debug|Any CPU
		{1002499F-029A-4A7C-96AF-975E7AB6DEB8}.Debug|Any CPU.Build.0 = Debug|Any CPU
		{1002499F-029A-4A7C-96AF-975E7AB6DEB8}.Release|Any CPU.ActiveCfg = Release|Any CPU
		{1002499F-029A-4A7C-96AF-975E7AB6DEB8}.Release|Any CPU.Build.0 = Release|Any CPU
	EndGlobalSection
	GlobalSection(SolutionProperties) = preSolution
		HideSolutionNode = FALSE
	EndGlobalSection
	GlobalSection(NestedProjects) = preSolution
		{807FE04E-9AA8-4BE1-AF07-2DF00487D7F9} = {639974E2-FFBD-4C2C-AD40-86EEC6531697}
		{C1DAF279-A629-4E85-89C5-506B7824830C} = {639974E2-FFBD-4C2C-AD40-86EEC6531697}
		{BCFE4068-A8BA-4144-86B1-E5931FAB8230} = {4E85DA7D-1240-4D4A-A64C-1200F56C1A5F}
		{58762ABC-4E92-4F10-9A80-9FA0EF876779} = {4E85DA7D-1240-4D4A-A64C-1200F56C1A5F}
		{D71AC75C-BF4A-4E5D-BE17-6C6791C52C9C} = {639974E2-FFBD-4C2C-AD40-86EEC6531697}
		{0F6CE45C-EDCA-4C5F-9218-C8FAA6E2D33C} = {639974E2-FFBD-4C2C-AD40-86EEC6531697}
		{1002499F-029A-4A7C-96AF-975E7AB6DEB8} = {639974E2-FFBD-4C2C-AD40-86EEC6531697}
	EndGlobalSection
	GlobalSection(ExtensibilityGlobals) = postSolution
		SolutionGuid = {ED7373D9-598F-4731-9D51-EC7CC35216CC}
	EndGlobalSection
EndGlobal
